Microsoft Visual Studio Solution File, Format Version 12.00
# Visual Studio 15
VisualStudioVersion = 15.0.26730.16
MinimumVisualStudioVersion = 10.0.40219.1
Project("{FAE04EC0-301F-11D3-BF4B-00C04F79EFBC}") = "GCAthletics", "GCAthletics\GCAthletics.csproj", "{218F2848-4305-4125-BC3F-0FF6C6238DDC}"
EndProject
Project("{FAE04EC0-301F-11D3-BF4B-00C04F79EFBC}") = "GCAthletics.Droid", "Droid\GCAthletics.Droid.csproj", "{DE629BE8-13F9-4220-89BF-40C4BF42C94E}"
EndProject
Project("{FAE04EC0-301F-11D3-BF4B-00C04F79EFBC}") = "GCAthletics.iOS", "iOS\GCAthletics.iOS.csproj", "{0EFF7E82-073D-464B-BBDA-EF48146D69CF}"
EndProject
Project("{FAE04EC0-301F-11D3-BF4B-00C04F79EFBC}") = "gcAthleticsAPI", "..\gcAthleticsAPI\gcAthleticsAPI\gcAthleticsAPI.csproj", "{1F80DAB0-F11D-4038-ABA6-C2E31AEA1BD9}"
EndProject
Global
	GlobalSection(SolutionConfigurationPlatforms) = preSolution
		Debug|Any CPU = Debug|Any CPU
		Debug|iPhone = Debug|iPhone
		Debug|iPhoneSimulator = Debug|iPhoneSimulator
		Release|Any CPU = Release|Any CPU
		Release|iPhone = Release|iPhone
		Release|iPhoneSimulator = Release|iPhoneSimulator
	EndGlobalSection
	GlobalSection(ProjectConfigurationPlatforms) = postSolution
		{218F2848-4305-4125-BC3F-0FF6C6238DDC}.Debug|Any CPU.ActiveCfg = Debug|Any CPU
		{218F2848-4305-4125-BC3F-0FF6C6238DDC}.Debug|Any CPU.Build.0 = Debug|Any CPU
		{218F2848-4305-4125-BC3F-0FF6C6238DDC}.Debug|iPhone.ActiveCfg = Debug|Any CPU
		{218F2848-4305-4125-BC3F-0FF6C6238DDC}.Debug|iPhone.Build.0 = Debug|Any CPU
		{218F2848-4305-4125-BC3F-0FF6C6238DDC}.Debug|iPhoneSimulator.ActiveCfg = Debug|Any CPU
		{218F2848-4305-4125-BC3F-0FF6C6238DDC}.Debug|iPhoneSimulator.Build.0 = Debug|Any CPU
		{218F2848-4305-4125-BC3F-0FF6C6238DDC}.Release|Any CPU.ActiveCfg = Release|Any CPU
		{218F2848-4305-4125-BC3F-0FF6C6238DDC}.Release|Any CPU.Build.0 = Release|Any CPU
		{218F2848-4305-4125-BC3F-0FF6C6238DDC}.Release|iPhone.ActiveCfg = Release|Any CPU
		{218F2848-4305-4125-BC3F-0FF6C6238DDC}.Release|iPhone.Build.0 = Release|Any CPU
		{218F2848-4305-4125-BC3F-0FF6C6238DDC}.Release|iPhoneSimulator.ActiveCfg = Release|Any CPU
		{218F2848-4305-4125-BC3F-0FF6C6238DDC}.Release|iPhoneSimulator.Build.0 = Release|Any CPU
		{DE629BE8-13F9-4220-89BF-40C4BF42C94E}.Debug|Any CPU.ActiveCfg = Debug|Any CPU
		{DE629BE8-13F9-4220-89BF-40C4BF42C94E}.Debug|Any CPU.Build.0 = Debug|Any CPU
		{DE629BE8-13F9-4220-89BF-40C4BF42C94E}.Debug|Any CPU.Deploy.0 = Debug|Any CPU
		{DE629BE8-13F9-4220-89BF-40C4BF42C94E}.Debug|iPhone.ActiveCfg = Debug|Any CPU
		{DE629BE8-13F9-4220-89BF-40C4BF42C94E}.Debug|iPhone.Build.0 = Debug|Any CPU
		{DE629BE8-13F9-4220-89BF-40C4BF42C94E}.Debug|iPhoneSimulator.ActiveCfg = Debug|Any CPU
		{DE629BE8-13F9-4220-89BF-40C4BF42C94E}.Debug|iPhoneSimulator.Build.0 = Debug|Any CPU
		{DE629BE8-13F9-4220-89BF-40C4BF42C94E}.Release|Any CPU.ActiveCfg = Release|Any CPU
		{DE629BE8-13F9-4220-89BF-40C4BF42C94E}.Release|Any CPU.Build.0 = Release|Any CPU
		{DE629BE8-13F9-4220-89BF-40C4BF42C94E}.Release|iPhone.ActiveCfg = Release|Any CPU
		{DE629BE8-13F9-4220-89BF-40C4BF42C94E}.Release|iPhone.Build.0 = Release|Any CPU
		{DE629BE8-13F9-4220-89BF-40C4BF42C94E}.Release|iPhoneSimulator.ActiveCfg = Release|Any CPU
		{DE629BE8-13F9-4220-89BF-40C4BF42C94E}.Release|iPhoneSimulator.Build.0 = Release|Any CPU
		{0EFF7E82-073D-464B-BBDA-EF48146D69CF}.Debug|Any CPU.ActiveCfg = Debug|iPhoneSimulator
		{0EFF7E82-073D-464B-BBDA-EF48146D69CF}.Debug|Any CPU.Build.0 = Debug|iPhoneSimulator
		{0EFF7E82-073D-464B-BBDA-EF48146D69CF}.Debug|iPhone.ActiveCfg = Debug|iPhone
		{0EFF7E82-073D-464B-BBDA-EF48146D69CF}.Debug|iPhone.Build.0 = Debug|iPhone
		{0EFF7E82-073D-464B-BBDA-EF48146D69CF}.Debug|iPhoneSimulator.ActiveCfg = Debug|iPhoneSimulator
		{0EFF7E82-073D-464B-BBDA-EF48146D69CF}.Debug|iPhoneSimulator.Build.0 = Debug|iPhoneSimulator
		{0EFF7E82-073D-464B-BBDA-EF48146D69CF}.Release|Any CPU.ActiveCfg = Release|iPhone
		{0EFF7E82-073D-464B-BBDA-EF48146D69CF}.Release|Any CPU.Build.0 = Release|iPhone
		{0EFF7E82-073D-464B-BBDA-EF48146D69CF}.Release|iPhone.ActiveCfg = Release|iPhone
		{0EFF7E82-073D-464B-BBDA-EF48146D69CF}.Release|iPhone.Build.0 = Release|iPhone
		{0EFF7E82-073D-464B-BBDA-EF48146D69CF}.Release|iPhoneSimulator.ActiveCfg = Release|iPhoneSimulator
		{0EFF7E82-073D-464B-BBDA-EF48146D69CF}.Release|iPhoneSimulator.Build.0 = Release|iPhoneSimulator
		{1F80DAB0-F11D-4038-ABA6-C2E31AEA1BD9}.Debug|Any CPU.ActiveCfg = Debug|Any CPU
		{1F80DAB0-F11D-4038-ABA6-C2E31AEA1BD9}.Debug|Any CPU.Build.0 = Debug|Any CPU
		{1F80DAB0-F11D-4038-ABA6-C2E31AEA1BD9}.Debug|iPhone.ActiveCfg = Debug|Any CPU
		{1F80DAB0-F11D-4038-ABA6-C2E31AEA1BD9}.Debug|iPhone.Build.0 = Debug|Any CPU
		{1F80DAB0-F11D-4038-ABA6-C2E31AEA1BD9}.Debug|iPhoneSimulator.ActiveCfg = Debug|Any CPU
		{1F80DAB0-F11D-4038-ABA6-C2E31AEA1BD9}.Debug|iPhoneSimulator.Build.0 = Debug|Any CPU
		{1F80DAB0-F11D-4038-ABA6-C2E31AEA1BD9}.Release|Any CPU.ActiveCfg = Release|Any CPU
		{1F80DAB0-F11D-4038-ABA6-C2E31AEA1BD9}.Release|Any CPU.Build.0 = Release|Any CPU
		{1F80DAB0-F11D-4038-ABA6-C2E31AEA1BD9}.Release|iPhone.ActiveCfg = Release|Any CPU
		{1F80DAB0-F11D-4038-ABA6-C2E31AEA1BD9}.Release|iPhone.Build.0 = Release|Any CPU
		{1F80DAB0-F11D-4038-ABA6-C2E31AEA1BD9}.Release|iPhoneSimulator.ActiveCfg = Release|Any CPU
		{1F80DAB0-F11D-4038-ABA6-C2E31AEA1BD9}.Release|iPhoneSimulator.Build.0 = Release|Any CPU
	EndGlobalSection
	GlobalSection(SolutionProperties) = preSolution
		HideSolutionNode = FALSE
	EndGlobalSection
	GlobalSection(ExtensibilityGlobals) = postSolution
		SolutionGuid = {E1908FC1-C2B4-4F42-A2C4-EA8B837F34DD}
	EndGlobalSection
EndGlobal
